
Microsoft Visual Studio Solution File, Format Version 12.00
# Visual Studio 15
VisualStudioVersion = 15.0.28307.168
MinimumVisualStudioVersion = 10.0.40219.1
Project("{FAE04EC0-301F-11D3-BF4B-00C04F79EFBC}") = "PLCodeTest.Web", "PLCodeTest\PLCodeTest.Web.csproj", "{33E17189-DB81-48FE-90D7-95D425ADE346}"
EndProject
Project("{FAE04EC0-301F-11D3-BF4B-00C04F79EFBC}") = "UnitTest.PLCodeTest", "UnitTest.PLCodeTest\UnitTest.PLCodeTest.csproj", "{74B02EB8-CE7F-4CB3-84C0-A2A8D432D19A}"
EndProject
Project("{FAE04EC0-301F-11D3-BF4B-00C04F79EFBC}") = "PLCodeTest.Data", "PLCodeTest.Data\PLCodeTest.Data.csproj", "{875BC7F3-06A1-49B0-8A8E-582BC72EE3F0}"
EndProject
Project("{FAE04EC0-301F-11D3-BF4B-00C04F79EFBC}") = "PLCodeTest.Service", "PLCodeTest.Service\PLCodeTest.Service.csproj", "{0CA229FA-4C9C-45FF-9A96-3FA03CD0B8C5}"
EndProject
Global
	GlobalSection(SolutionConfigurationPlatforms) = preSolution
		Debug|Any CPU = Debug|Any CPU
		Debug|ARM = Debug|ARM
		Debug|ARM64 = Debug|ARM64
		Debug|x64 = Debug|x64
		Debug|x86 = Debug|x86
		Release|Any CPU = Release|Any CPU
		Release|ARM = Release|ARM
		Release|ARM64 = Release|ARM64
		Release|x64 = Release|x64
		Release|x86 = Release|x86
	EndGlobalSection
	GlobalSection(ProjectConfigurationPlatforms) = postSolution
		{33E17189-DB81-48FE-90D7-95D425ADE346}.Debug|Any CPU.ActiveCfg = Debug|Any CPU
		{33E17189-DB81-48FE-90D7-95D425ADE346}.Debug|Any CPU.Build.0 = Debug|Any CPU
		{33E17189-DB81-48FE-90D7-95D425ADE346}.Debug|ARM.ActiveCfg = Debug|Any CPU
		{33E17189-DB81-48FE-90D7-95D425ADE346}.Debug|ARM.Build.0 = Debug|Any CPU
		{33E17189-DB81-48FE-90D7-95D425ADE346}.Debug|ARM64.ActiveCfg = Debug|Any CPU
		{33E17189-DB81-48FE-90D7-95D425ADE346}.Debug|ARM64.Build.0 = Debug|Any CPU
		{33E17189-DB81-48FE-90D7-95D425ADE346}.Debug|x64.ActiveCfg = Debug|Any CPU
		{33E17189-DB81-48FE-90D7-95D425ADE346}.Debug|x64.Build.0 = Debug|Any CPU
		{33E17189-DB81-48FE-90D7-95D425ADE346}.Debug|x86.ActiveCfg = Debug|Any CPU
		{33E17189-DB81-48FE-90D7-95D425ADE346}.Debug|x86.Build.0 = Debug|Any CPU
		{33E17189-DB81-48FE-90D7-95D425ADE346}.Release|Any CPU.ActiveCfg = Release|Any CPU
		{33E17189-DB81-48FE-90D7-95D425ADE346}.Release|Any CPU.Build.0 = Release|Any CPU
		{33E17189-DB81-48FE-90D7-95D425ADE346}.Release|ARM.ActiveCfg = Release|Any CPU
		{33E17189-DB81-48FE-90D7-95D425ADE346}.Release|ARM.Build.0 = Release|Any CPU
		{33E17189-DB81-48FE-90D7-95D425ADE346}.Release|ARM64.ActiveCfg = Release|Any CPU
		{33E17189-DB81-48FE-90D7-95D425ADE346}.Release|ARM64.Build.0 = Release|Any CPU
		{33E17189-DB81-48FE-90D7-95D425ADE346}.Release|x64.ActiveCfg = Release|Any CPU
		{33E17189-DB81-48FE-90D7-95D425ADE346}.Release|x64.Build.0 = Release|Any CPU
		{33E17189-DB81-48FE-90D7-95D425ADE346}.Release|x86.ActiveCfg = Release|Any CPU
		{33E17189-DB81-48FE-90D7-95D425ADE346}.Release|x86.Build.0 = Release|Any CPU
		{74B02EB8-CE7F-4CB3-84C0-A2A8D432D19A}.Debug|Any CPU.ActiveCfg = Debug|Any CPU
		{74B02EB8-CE7F-4CB3-84C0-A2A8D432D19A}.Debug|Any CPU.Build.0 = Debug|Any CPU
		{74B02EB8-CE7F-4CB3-84C0-A2A8D432D19A}.Debug|ARM.ActiveCfg = Debug|Any CPU
		{74B02EB8-CE7F-4CB3-84C0-A2A8D432D19A}.Debug|ARM.Build.0 = Debug|Any CPU
		{74B02EB8-CE7F-4CB3-84C0-A2A8D432D19A}.Debug|ARM64.ActiveCfg = Debug|Any CPU
		{74B02EB8-CE7F-4CB3-84C0-A2A8D432D19A}.Debug|ARM64.Build.0 = Debug|Any CPU
		{74B02EB8-CE7F-4CB3-84C0-A2A8D432D19A}.Debug|x64.ActiveCfg = Debug|Any CPU
		{74B02EB8-CE7F-4CB3-84C0-A2A8D432D19A}.Debug|x64.Build.0 = Debug|Any CPU
		{74B02EB8-CE7F-4CB3-84C0-A2A8D432D19A}.Debug|x86.ActiveCfg = Debug|Any CPU
		{74B02EB8-CE7F-4CB3-84C0-A2A8D432D19A}.Debug|x86.Build.0 = Debug|Any CPU
		{74B02EB8-CE7F-4CB3-84C0-A2A8D432D19A}.Release|Any CPU.ActiveCfg = Release|Any CPU
		{74B02EB8-CE7F-4CB3-84C0-A2A8D432D19A}.Release|Any CPU.Build.0 = Release|Any CPU
		{74B02EB8-CE7F-4CB3-84C0-A2A8D432D19A}.Release|ARM.ActiveCfg = Release|Any CPU
		{74B02EB8-CE7F-4CB3-84C0-A2A8D432D19A}.Release|ARM.Build.0 = Release|Any CPU
		{74B02EB8-CE7F-4CB3-84C0-A2A8D432D19A}.Release|ARM64.ActiveCfg = Release|Any CPU
		{74B02EB8-CE7F-4CB3-84C0-A2A8D432D19A}.Release|ARM64.Build.0 = Release|Any CPU
		{74B02EB8-CE7F-4CB3-84C0-A2A8D432D19A}.Release|x64.ActiveCfg = Release|Any CPU
		{74B02EB8-CE7F-4CB3-84C0-A2A8D432D19A}.Release|x64.Build.0 = Release|Any CPU
		{74B02EB8-CE7F-4CB3-84C0-A2A8D432D19A}.Release|x86.ActiveCfg = Release|Any CPU
		{74B02EB8-CE7F-4CB3-84C0-A2A8D432D19A}.Release|x86.Build.0 = Release|Any CPU
		{875BC7F3-06A1-49B0-8A8E-582BC72EE3F0}.Debug|Any CPU.ActiveCfg = Debug|Any CPU
		{875BC7F3-06A1-49B0-8A8E-582BC72EE3F0}.Debug|Any CPU.Build.0 = Debug|Any CPU
		{875BC7F3-06A1-49B0-8A8E-582BC72EE3F0}.Debug|ARM.ActiveCfg = Debug|Any CPU
		{875BC7F3-06A1-49B0-8A8E-582BC72EE3F0}.Debug|ARM.Build.0 = Debug|Any CPU
		{875BC7F3-06A1-49B0-8A8E-582BC72EE3F0}.Debug|ARM64.ActiveCfg = Debug|Any CPU
		{875BC7F3-06A1-49B0-8A8E-582BC72EE3F0}.Debug|ARM64.Build.0 = Debug|Any CPU
		{875BC7F3-06A1-49B0-8A8E-582BC72EE3F0}.Debug|x64.ActiveCfg = Debug|Any CPU
		{875BC7F3-06A1-49B0-8A8E-582BC72EE3F0}.Debug|x64.Build.0 = Debug|Any CPU
		{875BC7F3-06A1-49B0-8A8E-582BC72EE3F0}.Debug|x86.ActiveCfg = Debug|Any CPU
		{875BC7F3-06A1-49B0-8A8E-582BC72EE3F0}.Debug|x86.Build.0 = Debug|Any CPU
		{875BC7F3-06A1-49B0-8A8E-582BC72EE3F0}.Release|Any CPU.ActiveCfg = Release|Any CPU
		{875BC7F3-06A1-49B0-8A8E-582BC72EE3F0}.Release|Any CPU.Build.0 = Release|Any CPU
		{875BC7F3-06A1-49B0-8A8E-582BC72EE3F0}.Release|ARM.ActiveCfg = Release|Any CPU
		{875BC7F3-06A1-49B0-8A8E-582BC72EE3F0}.Release|ARM.Build.0 = Release|Any CPU
		{875BC7F3-06A1-49B0-8A8E-582BC72EE3F0}.Release|ARM64.ActiveCfg = Release|Any CPU
		{875BC7F3-06A1-49B0-8A8E-582BC72EE3F0}.Release|ARM64.Build.0 = Release|Any CPU
		{875BC7F3-06A1-49B0-8A8E-582BC72EE3F0}.Release|x64.ActiveCfg = Release|Any CPU
		{875BC7F3-06A1-49B0-8A8E-582BC72EE3F0}.Release|x64.Build.0 = Release|Any CPU
		{875BC7F3-06A1-49B0-8A8E-582BC72EE3F0}.Release|x86.ActiveCfg = Release|Any CPU
		{875BC7F3-06A1-49B0-8A8E-582BC72EE3F0}.Release|x86.Build.0 = Release|Any CPU
		{0CA229FA-4C9C-45FF-9A96-3FA03CD0B8C5}.Debug|Any CPU.ActiveCfg = Debug|Any CPU
		{0CA229FA-4C9C-45FF-9A96-3FA03CD0B8C5}.Debug|Any CPU.Build.0 = Debug|Any CPU
		{0CA229FA-4C9C-45FF-9A96-3FA03CD0B8C5}.Debug|ARM.ActiveCfg = Debug|Any CPU
		{0CA229FA-4C9C-45FF-9A96-3FA03CD0B8C5}.Debug|ARM.Build.0 = Debug|Any CPU
		{0CA229FA-4C9C-45FF-9A96-3FA03CD0B8C5}.Debug|ARM64.ActiveCfg = Debug|Any CPU
		{0CA229FA-4C9C-45FF-9A96-3FA03CD0B8C5}.Debug|ARM64.Build.0 = Debug|Any CPU
		{0CA229FA-4C9C-45FF-9A96-3FA03CD0B8C5}.Debug|x64.ActiveCfg = Debug|Any CPU
		{0CA229FA-4C9C-45FF-9A96-3FA03CD0B8C5}.Debug|x64.Build.0 = Debug|Any CPU
		{0CA229FA-4C9C-45FF-9A96-3FA03CD0B8C5}.Debug|x86.ActiveCfg = Debug|Any CPU
		{0CA229FA-4C9C-45FF-9A96-3FA03CD0B8C5}.Debug|x86.Build.0 = Debug|Any CPU
		{0CA229FA-4C9C-45FF-9A96-3FA03CD0B8C5}.Release|Any CPU.ActiveCfg = Release|Any CPU
		{0CA229FA-4C9C-45FF-9A96-3FA03CD0B8C5}.Release|Any CPU.Build.0 = Release|Any CPU
		{0CA229FA-4C9C-45FF-9A96-3FA03CD0B8C5}.Release|ARM.ActiveCfg = Release|Any CPU
		{0CA229FA-4C9C-45FF-9A96-3FA03CD0B8C5}.Release|ARM.Build.0 = Release|Any CPU
		{0CA229FA-4C9C-45FF-9A96-3FA03CD0B8C5}.Release|ARM64.ActiveCfg = Release|Any CPU
		{0CA229FA-4C9C-45FF-9A96-3FA03CD0B8C5}.Release|ARM64.Build.0 = Release|Any CPU
		{0CA229FA-4C9C-45FF-9A96-3FA03CD0B8C5}.Release|x64.ActiveCfg = Release|Any CPU
		{0CA229FA-4C9C-45FF-9A96-3FA03CD0B8C5}.Release|x64.Build.0 = Release|Any CPU
		{0CA229FA-4C9C-45FF-9A96-3FA03CD0B8C5}.Release|x86.ActiveCfg = Release|Any CPU
		{0CA229FA-4C9C-45FF-9A96-3FA03CD0B8C5}.Release|x86.Build.0 = Release|Any CPU
	EndGlobalSection
	GlobalSection(SolutionProperties) = preSolution
		HideSolutionNode = FALSE
	EndGlobalSection
	GlobalSection(ExtensibilityGlobals) = postSolution
		SolutionGuid = {FA31EF23-F9E2-472A-9B3A-C571069973FC}
	EndGlobalSection
EndGlobal
